{
  "lockfileVersion": 1,
  "configVersion": 1,
  "workspaces": {
    "": {
      "dependencies": {
        "@opencode-ai/plugin": "1.3.0",
      },
    },
  },
  "packages": {
    "@opencode-ai/plugin": ["@opencode-ai/plugin@1.3.0", "", { "dependencies": { "@opencode-ai/sdk": "1.3.0", "zod": "4.1.8" } }, "sha512-mR1Kdcpr3Iv+KS7cL2DRFB6QAcSoR6/DojmwuxYF/pMCahMtaCLiqZGQjoSNl12+gQ6RsIJJyUh/jX3JVlOx8A=="],

    "@opencode-ai/sdk": ["@opencode-ai/sdk@1.3.0", "", {}, "sha512-5WyYEpcV6Zk9otXOMIrvZRbJm1yxt/c8EXSBn1p6Sw1yagz8HRljkoUTJFxzD0x2+/6vAZItr3OrXDZfE+oA2g=="],

    "zod": ["zod@4.1.8", "", {}, "sha512-5R1P+WwQqmmMIEACyzSvo4JXHY5WiAFHRMg+zBZKgKS+Q1viRa0C1hmUKtHltoIFKtIdki3pRxkmpP74jnNYHQ=="],
  }
}
